
Microsoft Visual Studio Solution File, Format Version 12.00
# Visual Studio Version 17
VisualStudioVersion = 17.0.32112.339
MinimumVisualStudioVersion = 10.0.40219.1
Project("{FAE04EC0-301F-11D3-BF4B-00C04F79EFBC}") = "VowelCount", "VowelCount\VowelCount.csproj", "{D7936952-A5B9-4DD7-B8E3-26133029E734}"
EndProject
Global
	GlobalSection(SolutionConfigurationPlatforms) = preSolution
		Debug|Any CPU = Debug|Any CPU
		Release|Any CPU = Release|Any CPU
	EndGlobalSection
	GlobalSection(ProjectConfigurationPlatforms) = postSolution
		{D7936952-A5B9-4DD7-B8E3-26133029E734}.Debug|Any CPU.ActiveCfg = Debug|Any CPU
		{D7936952-A5B9-4DD7-B8E3-26133029E734}.Debug|Any CPU.Build.0 = Debug|Any CPU
		{D7936952-A5B9-4DD7-B8E3-26133029E734}.Release|Any CPU.ActiveCfg = Release|Any CPU
		{D7936952-A5B9-4DD7-B8E3-26133029E734}.Release|Any CPU.Build.0 = Release|Any CPU
	EndGlobalSection
	GlobalSection(SolutionProperties) = preSolution
		HideSolutionNode = FALSE
	EndGlobalSection
	GlobalSection(ExtensibilityGlobals) = postSolution
		SolutionGuid = {41A206EA-2979-469F-9D47-8A65A00E7B83}
	EndGlobalSection
EndGlobal
